github.com/JaimeStill/go-agents v0.3.0 h1:MBPbuIipP3Rue1JpinuTcTrkRkl2p1TSAvh95WbE514=
github.com/JaimeStill/go-agents v0.3.0/go.mod h1:Ui+Ea0YrnI37MbWXP7VxqX3IcIppkQRSO4/DEl4/4B4=
github.com/google/uuid v1.6.0 h1:NIvaJDMOsjHA8n1jAhLSgzrAzy1Hgr+hNrb57e+94F0=
github.com/google/uuid v1.6.0/go.mod h1:TIyPZe4MgqvfeYDBFedMoGGpEw/LqOeaOT+nhxU+yHo=
