github.com/JaimeStill/go-agents v0.1.2 h1:FTSlTgywWLvp17i82DUhk/zoakMzHI3xki7ROsLb+NY=
github.com/JaimeStill/go-agents v0.1.2/go.mod h1:Ui+Ea0YrnI37MbWXP7VxqX3IcIppkQRSO4/DEl4/4B4=
github.com/google/uuid v1.6.0 h1:NIvaJDMOsjHA8n1jAhLSgzrAzy1Hgr+hNrb57e+94F0=
github.com/google/uuid v1.6.0/go.mod h1:TIyPZe4MgqvfeYDBFedMoGGpEw/LqOeaOT+nhxU+yHo=
